// !$*UTF8*$!
{
	archiveVersion = 1;
	classes = {
	};
	objectVersion = 48;
	objects = {

/* Begin PBXBuildFile section */
		4710C0951FE11B1500E1E5F8 /* AppDelegate.swift in Sources */ = {isa = PBXBuildFile; fileRef = 4710C0941FE11B1500E1E5F8 /* AppDelegate.swift */; };
		4710C0971FE11B1500E1E5F8 /* ViewController.swift in Sources */ = {isa = PBXBuildFile; fileRef = 4710C0961FE11B1500E1E5F8 /* ViewController.swift */; };
		4710C09A1FE11B1500E1E5F8 /* Main.storyboard in Resources */ = {isa = PBXBuildFile; fileRef = 4710C0981FE11B1500E1E5F8 /* Main.storyboard */; };
		4710C09C1FE11B1500E1E5F8 /* Assets.xcassets in Resources */ = {isa = PBXBuildFile; fileRef = 4710C09B1FE11B1500E1E5F8 /* Assets.xcassets */; };
		4710C09F1FE11B1500E1E5F8 /* LaunchScreen.storyboard in Resources */ = {isa = PBXBuildFile; fileRef = 4710C09D1FE11B1500E1E5F8 /* LaunchScreen.storyboard */; };
		47C5570A2005F78A00497375 /* TwitterShareExtensionUI.framework in Frameworks */ = {isa = PBXBuildFile; fileRef = 47C557082005F78A00497375 /* TwitterShareExtensionUI.framework */; };
		47C5570B2005F78A00497375 /* TwitterKit.framework in Frameworks */ = {isa = PBXBuildFile; fileRef = 47C557092005F78A00497375 /* TwitterKit.framework */; };
/* End PBXBuildFile section */

/* Begin PBXFileReference section */
		4710C0911FE11B1500E1E5F8 /* SampleApp5.app */ = {isa = PBXFileReference; explicitFileType = wrapper.application; includeInIndex = 0; path = SampleApp5.app; sourceTree = BUILT_PRODUCTS_DIR; };
		4710C0941FE11B1500E1E5F8 /* AppDelegate.swift */ = {isa = PBXFileReference; lastKnownFileType = sourcecode.swift; path = AppDelegate.swift; sourceTree = "<group>"; };
		4710C0961FE11B1500E1E5F8 /* ViewController.swift */ = {isa = PBXFileReference; lastKnownFileType = sourcecode.swift; path = ViewController.swift; sourceTree = "<group>"; };
		4710C0991FE11B1500E1E5F8 /* Base */ = {isa = PBXFileReference; lastKnownFileType = file.storyboard; name = Base; path = Base.lproj/Main.storyboard; sourceTree = "<group>"; };
		4710C09B1FE11B1500E1E5F8 /* Assets.xcassets */ = {isa = PBXFileReference; lastKnownFileType = folder.assetcatalog; path = Assets.xcassets; sourceTree = "<group>"; };
		4710C09E1FE11B1500E1E5F8 /* Base */ = {isa = PBXFileReference; lastKnownFileType = file.storyboard; name = Base; path = Base.lproj/LaunchScreen.storyboard; sourceTree = "<group>"; };
		4710C0A01FE11B1500E1E5F8 /* Info.plist */ = {isa = PBXFileReference; lastKnownFileType = text.plist.xml; path = Info.plist; sourceTree = "<group>"; };
		47C557082005F78A00497375 /* TwitterShareExtensionUI.framework */ = {isa = PBXFileReference; lastKnownFileType = wrapper.framework; name = TwitterShareExtensionUI.framework; path = Carthage/Build/iOS/TwitterShareExtensionUI.framework; sourceTree = "<group>"; };
		47C557092005F78A00497375 /* TwitterKit.framework */ = {isa = PBXFileReference; lastKnownFileType = wrapper.framework; name = TwitterKit.framework; path = Carthage/Build/iOS/TwitterKit.framework; sourceTree = "<group>"; };
		47C5570E2005FE3F00497375 /* SampleApp5-Bridging-Header.h */ = {isa = PBXFileReference; lastKnownFileType = sourcecode.c.h; path = "SampleApp5-Bridging-Header.h"; sourceTree = "<group>"; };
/* End PBXFileReference section */

/* Begin PBXFrameworksBuildPhase section */
		4710C08E1FE11B1500E1E5F8 /* Frameworks */ = {
			isa = PBXFrameworksBuildPhase;
			buildActionMask = 2147483647;
			files = (
				47C5570A2005F78A00497375 /* TwitterShareExtensionUI.framework in Frameworks */,
				47C5570B2005F78A00497375 /* TwitterKit.framework in Frameworks */,
			);
			runOnlyForDeploymentPostprocessing = 0;
		};
/* End PBXFrameworksBuildPhase section */

/* Begin PBXGroup section */
		4704B11B1FE12C51009EF547 /* Frameworks */ = {
			isa = PBXGroup;
			children = (
				47C557092005F78A00497375 /* TwitterKit.framework */,
				47C557082005F78A00497375 /* TwitterShareExtensionUI.framework */,
			);
			name = Frameworks;
			sourceTree = "<group>";
		};
		4710C0881FE11B1500E1E5F8 = {
			isa = PBXGroup;
			children = (
				4710C0931FE11B1500E1E5F8 /* SampleApp5 */,
				4710C0921FE11B1500E1E5F8 /* Products */,
				4704B11B1FE12C51009EF547 /* Frameworks */,
			);
			sourceTree = "<group>";
		};
		4710C0921FE11B1500E1E5F8 /* Products */ = {
			isa = PBXGroup;
			children = (
				4710C0911FE11B1500E1E5F8 /* SampleApp5.app */,
			);
			name = Products;
			sourceTree = "<group>";
		};
		4710C0931FE11B1500E1E5F8 /* SampleApp5 */ = {
			isa = PBXGroup;
			children = (
				4710C0941FE11B1500E1E5F8 /* AppDelegate.swift */,
				4710C0961FE11B1500E1E5F8 /* ViewController.swift */,
				4710C0981FE11B1500E1E5F8 /* Main.storyboard */,
				4710C09B1FE11B1500E1E5F8 /* Assets.xcassets */,
				4710C09D1FE11B1500E1E5F8 /* LaunchScreen.storyboard */,
				47C5570E2005FE3F00497375 /* SampleApp5-Bridging-Header.h */,
				4710C0A01FE11B1500E1E5F8 /* Info.plist */,
			);
			path = SampleApp5;
			sourceTree = "<group>";
		};
/* End PBXGroup section */

/* Begin PBXNativeTarget section */
		4710C0901FE11B1500E1E5F8 /* SampleApp5 */ = {
			isa = PBXNativeTarget;
			buildConfigurationList = 4710C0A31FE11B1500E1E5F8 /* Build configuration list for PBXNativeTarget "SampleApp5" */;
			buildPhases = (
				4710C08D1FE11B1500E1E5F8 /* Sources */,
				4710C08E1FE11B1500E1E5F8 /* Frameworks */,
				4710C08F1FE11B1500E1E5F8 /* Resources */,
				47C5570C2005F84A00497375 /* ShellScript */,
			);
			buildRules = (
			);
			dependencies = (
			);
			name = SampleApp5;
			productName = SampleApp5;
			productReference = 4710C0911FE11B1500E1E5F8 /* SampleApp5.app */;
			productType = "com.apple.product-type.application";
		};
/* End PBXNativeTarget section */

/* Begin PBXProject section */
		4710C0891FE11B1500E1E5F8 /* Project object */ = {
			isa = PBXProject;
			attributes = {
				LastSwiftUpdateCheck = 0900;
				LastUpgradeCheck = 0900;
				ORGANIZATIONNAME = "川満 翔";
				TargetAttributes = {
					4710C0901FE11B1500E1E5F8 = {
						CreatedOnToolsVersion = 9.0;
						ProvisioningStyle = Automatic;
					};
				};
			};
			buildConfigurationList = 4710C08C1FE11B1500E1E5F8 /* Build configuration list for PBXProject "SampleApp5" */;
			compatibilityVersion = "Xcode 8.0";
			developmentRegion = en;
			hasScannedForEncodings = 0;
			knownRegions = (
				en,
				Base,
			);
			mainGroup = 4710C0881FE11B1500E1E5F8;
			productRefGroup = 4710C0921FE11B1500E1E5F8 /* Products */;
			projectDirPath = "";
			projectRoot = "";
			targets = (
				4710C0901FE11B1500E1E5F8 /* SampleApp5 */,
			);
		};
/* End PBXProject section */

/* Begin PBXResourcesBuildPhase section */
		4710C08F1FE11B1500E1E5F8 /* Resources */ = {
			isa = PBXResourcesBuildPhase;
			buildActionMask = 2147483647;
			files = (
				4710C09F1FE11B1500E1E5F8 /* LaunchScreen.storyboard in Resources */,
				4710C09C1FE11B1500E1E5F8 /* Assets.xcassets in Resources */,
				4710C09A1FE11B1500E1E5F8 /* Main.storyboard in Resources */,
			);
			runOnlyForDeploymentPostprocessing = 0;
		};
/* End PBXResourcesBuildPhase section */

/* Begin PBXShellScriptBuildPhase section */
		47C5570C2005F84A00497375 /* ShellScript */ = {
			isa = PBXShellScriptBuildPhase;
			buildActionMask = 2147483647;
			files = (
			);
			inputPaths = (
				"$(SRCROOT)/Carthage/Build/iOS/TwitterCore.framework",
				"$(SRCROOT)/Carthage/Build/iOS/TwitterKit.framework",
				"$(SRCROOT)/Carthage/Build/iOS/TwitterShareExtensionUI.framework",
			);
			outputPaths = (
			);
			runOnlyForDeploymentPostprocessing = 0;
			shellPath = /bin/sh;
			shellScript = "/usr/local/bin/carthage copy-frameworks";
		};
/* End PBXShellScriptBuildPhase section */

/* Begin PBXSourcesBuildPhase section */
		4710C08D1FE11B1500E1E5F8 /* Sources */ = {
			isa = PBXSourcesBuildPhase;
			buildActionMask = 2147483647;
			files = (
				4710C0971FE11B1500E1E5F8 /* ViewController.swift in Sources */,
				4710C0951FE11B1500E1E5F8 /* AppDelegate.swift in Sources */,
			);
			runOnlyForDeploymentPostprocessing = 0;
		};
/* End PBXSourcesBuildPhase section */

/* Begin PBXVariantGroup section */
		4710C0981FE11B1500E1E5F8 /* Main.storyboard */ = {
			isa = PBXVariantGroup;
			children = (
				4710C0991FE11B1500E1E5F8 /* Base */,
			);
			name = Main.storyboard;
			sourceTree = "<group>";
		};
		4710C09D1FE11B1500E1E5F8 /* LaunchScreen.storyboard */ = {
			isa = PBXVariantGroup;
			children = (
				4710C09E1FE11B1500E1E5F8 /* Base */,
			);
			name = LaunchScreen.storyboard;
			sourceTree = "<group>";
		};
/* End PBXVariantGroup section */

/* Begin XCBuildConfiguration section */
		4710C0A11FE11B1500E1E5F8 /* Debug */ = {
			isa = XCBuildConfiguration;
			buildSettings = {
				ALWAYS_SEARCH_USER_PATHS = NO;
				CLANG_ANALYZER_NONNULL = YES;
				CLANG_ANALYZER_NUMBER_OBJECT_CONVERSION = YES_AGGRESSIVE;
				CLANG_CXX_LANGUAGE_STANDARD = "gnu++14";
				CLANG_CXX_LIBRARY = "libc++";
				CLANG_ENABLE_MODULES = YES;
				CLANG_ENABLE_OBJC_ARC = YES;
				CLANG_WARN_BLOCK_CAPTURE_AUTORELEASING = YES;
				CLANG_WARN_BOOL_CONVERSION = YES;
				CLANG_WARN_COMMA = YES;
				CLANG_WARN_CONSTANT_CONVERSION = YES;
				CLANG_WARN_DIRECT_OBJC_ISA_USAGE = YES_ERROR;
				CLANG_WARN_DOCUMENTATION_COMMENTS = YES;
				CLANG_WARN_EMPTY_BODY = YES;
				CLANG_WARN_ENUM_CONVERSION = YES;
				CLANG_WARN_INFINITE_RECURSION = YES;
				CLANG_WARN_INT_CONVERSION = YES;
				CLANG_WARN_NON_LITERAL_NULL_CONVERSION = YES;
				CLANG_WARN_OBJC_LITERAL_CONVERSION = YES;
				CLANG_WARN_OBJC_ROOT_CLASS = YES_ERROR;
				CLANG_WARN_RANGE_LOOP_ANALYSIS = YES;
				CLANG_WARN_STRICT_PROTOTYPES = YES;
				CLANG_WARN_SUSPICIOUS_MOVE = YES;
				CLANG_WARN_UNGUARDED_AVAILABILITY = YES_AGGRESSIVE;
				CLANG_WARN_UNREACHABLE_CODE = YES;
				CLANG_WARN__DUPLICATE_METHOD_MATCH = YES;
				CODE_SIGN_IDENTITY = "iPhone Developer";
				COPY_PHASE_STRIP = NO;
				DEBUG_INFORMATION_FORMAT = dwarf;
				ENABLE_STRICT_OBJC_MSGSEND = YES;
				ENABLE_TESTABILITY = YES;
				GCC_C_LANGUAGE_STANDARD = gnu11;
				GCC_DYNAMIC_NO_PIC = NO;
				GCC_NO_COMMON_BLOCKS = YES;
				GCC_OPTIMIZATION_LEVEL = 0;
				GCC_PREPROCESSOR_DEFINITIONS = (
					"DEBUG=1",
					"$(inherited)",
				);
				GCC_WARN_64_TO_32_BIT_CONVERSION = YES;
				GCC_WARN_ABOUT_RETURN_TYPE = YES_ERROR;
				GCC_WARN_UNDECLARED_SELECTOR = YES;
				GCC_WARN_UNINITIALIZED_AUTOS = YES_AGGRESSIVE;
				GCC_WARN_UNUSED_FUNCTION = YES;
				GCC_WARN_UNUSED_VARIABLE = YES;
				IPHONEOS_DEPLOYMENT_TARGET = 11.0;
				MTL_ENABLE_DEBUG_INFO = YES;
				ONLY_ACTIVE_ARCH = YES;
				SDKROOT = iphoneos;
				SWIFT_ACTIVE_COMPILATION_CONDITIONS = DEBUG;
				SWIFT_OPTIMIZATION_LEVEL = "-Onone";
			};
			name = Debug;
		};
		4710C0A21FE11B1500E1E5F8 /* Release */ = {
			isa = XCBuildConfiguration;
			buildSettings = {
				ALWAYS_SEARCH_USER_PATHS = NO;
				CLANG_ANALYZER_NONNULL = YES;
				CLANG_ANALYZER_NUMBER_OBJECT_CONVERSION = YES_AGGRESSIVE;
				CLANG_CXX_LANGUAGE_STANDARD = "gnu++14";
				CLANG_CXX_LIBRARY = "libc++";
				CLANG_ENABLE_MODULES = YES;
				CLANG_ENABLE_OBJC_ARC = YES;
				CLANG_WARN_BLOCK_CAPTURE_AUTORELEASING = YES;
				CLANG_WARN_BOOL_CONVERSION = YES;
				CLANG_WARN_COMMA = YES;
				CLANG_WARN_CONSTANT_CONVERSION = YES;
				CLANG_WARN_DIRECT_OBJC_ISA_USAGE = YES_ERROR;
				CLANG_WARN_DOCUMENTATION_COMMENTS = YES;
				CLANG_WARN_EMPTY_BODY = YES;
				CLANG_WARN_ENUM_CONVERSION = YES;
				CLANG_WARN_INFINITE_RECURSION = YES;
				CLANG_WARN_INT_CONVERSION = YES;
				CLANG_WARN_NON_LITERAL_NULL_CONVERSION = YES;
				CLANG_WARN_OBJC_LITERAL_CONVERSION = YES;
				CLANG_WARN_OBJC_ROOT_CLASS = YES_ERROR;
				CLANG_WARN_RANGE_LOOP_ANALYSIS = YES;
				CLANG_WARN_STRICT_PROTOTYPES = YES;
				CLANG_WARN_SUSPICIOUS_MOVE = YES;
				CLANG_WARN_UNGUARDED_AVAILABILITY = YES_AGGRESSIVE;
				CLANG_WARN_UNREACHABLE_CODE = YES;
				CLANG_WARN__DUPLICATE_METHOD_MATCH = YES;
				CODE_SIGN_IDENTITY = "iPhone Developer";
				COPY_PHASE_STRIP = NO;
				DEBUG_INFORMATION_FORMAT = "dwarf-with-dsym";
				ENABLE_NS_ASSERTIONS = NO;
				ENABLE_STRICT_OBJC_MSGSEND = YES;
				GCC_C_LANGUAGE_STANDARD = gnu11;
				GCC_NO_COMMON_BLOCKS = YES;
				GCC_WARN_64_TO_32_BIT_CONVERSION = YES;
				GCC_WARN_ABOUT_RETURN_TYPE = YES_ERROR;
				GCC_WARN_UNDECLARED_SELECTOR = YES;
				GCC_WARN_UNINITIALIZED_AUTOS = YES_AGGRESSIVE;
				GCC_WARN_UNUSED_FUNCTION = YES;
				GCC_WARN_UNUSED_VARIABLE = YES;
				IPHONEOS_DEPLOYMENT_TARGET = 11.0;
				MTL_ENABLE_DEBUG_INFO = NO;
				SDKROOT = iphoneos;
				SWIFT_OPTIMIZATION_LEVEL = "-Owholemodule";
				VALIDATE_PRODUCT = YES;
			};
			name = Release;
		};
		4710C0A41FE11B1500E1E5F8 /* Debug */ = {
			isa = XCBuildConfiguration;
			buildSettings = {
				ASSETCATALOG_COMPILER_APPICON_NAME = AppIcon;
				CODE_SIGN_STYLE = Automatic;
				FRAMEWORK_SEARCH_PATHS = (
					"$(inherited)",
					"$(PROJECT_DIR)/Carthage/Build/iOS",
				);
				INFOPLIST_FILE = SampleApp5/Info.plist;
				LD_RUNPATH_SEARCH_PATHS = "$(inherited) @executable_path/Frameworks";
				PRODUCT_BUNDLE_IDENTIFIER = jp.co.kawamitsu.SampleApp5;
				PRODUCT_NAME = "$(TARGET_NAME)";
				SWIFT_OBJC_BRIDGING_HEADER = "SampleApp5/SampleApp5-Bridging-Header.h";
				SWIFT_VERSION = 4.0;
				TARGETED_DEVICE_FAMILY = "1,2";
			};
			name = Debug;
		};
		4710C0A51FE11B1500E1E5F8 /* Release */ = {
			isa = XCBuildConfiguration;
			buildSettings = {
				ASSETCATALOG_COMPILER_APPICON_NAME = AppIcon;
				CODE_SIGN_STYLE = Automatic;
				FRAMEWORK_SEARCH_PATHS = (
					"$(inherited)",
					"$(PROJECT_DIR)/Carthage/Build/iOS",
				);
				INFOPLIST_FILE = SampleApp5/Info.plist;
				LD_RUNPATH_SEARCH_PATHS = "$(inherited) @executable_path/Frameworks";
				PRODUCT_BUNDLE_IDENTIFIER = jp.co.kawamitsu.SampleApp5;
				PRODUCT_NAME = "$(TARGET_NAME)";
				SWIFT_OBJC_BRIDGING_HEADER = "SampleApp5/SampleApp5-Bridging-Header.h";
				SWIFT_VERSION = 4.0;
				TARGETED_DEVICE_FAMILY = "1,2";
			};
			name = Release;
		};
/* End XCBuildConfiguration section */

/* Begin XCConfigurationList section */
		4710C08C1FE11B1500E1E5F8 /* Build configuration list for PBXProject "SampleApp5" */ = {
			isa = XCConfigurationList;
			buildConfigurations = (
				4710C0A11FE11B1500E1E5F8 /* Debug */,
				4710C0A21FE11B1500E1E5F8 /* Release */,
			);
			defaultConfigurationIsVisible = 0;
			defaultConfigurationName = Release;
		};
		4710C0A31FE11B1500E1E5F8 /* Build configuration list for PBXNativeTarget "SampleApp5" */ = {
			isa = XCConfigurationList;
			buildConfigurations = (
				4710C0A41FE11B1500E1E5F8 /* Debug */,
				4710C0A51FE11B1500E1E5F8 /* Release */,
			);
			defaultConfigurationIsVisible = 0;
			defaultConfigurationName = Release;
		};
/* End XCConfigurationList section */
	};
	rootObject = 4710C0891FE11B1500E1E5F8 /* Project object */;
}
